
Microsoft Visual Studio Solution File, Format Version 11.00
# Visual Studio 2010
Project("{F184B08F-C81C-45F6-A57F-5ABD9991F28F}") = "AHE", "AHE.vbproj", "{A61A7A5E-0A49-4B1A-8D1C-77BEE2A17E7D}"
EndProject
Global
	GlobalSection(SolutionConfigurationPlatforms) = preSolution
		Debug|x86 = Debug|x86
		Release|x86 = Release|x86
	EndGlobalSection
	GlobalSection(ProjectConfigurationPlatforms) = postSolution
		{A61A7A5E-0A49-4B1A-8D1C-77BEE2A17E7D}.Debug|x86.ActiveCfg = Debug|x86
		{A61A7A5E-0A49-4B1A-8D1C-77BEE2A17E7D}.Debug|x86.Build.0 = Debug|x86
		{A61A7A5E-0A49-4B1A-8D1C-77BEE2A17E7D}.Release|x86.ActiveCfg = Release|x86
		{A61A7A5E-0A49-4B1A-8D1C-77BEE2A17E7D}.Release|x86.Build.0 = Release|x86
	EndGlobalSection
	GlobalSection(SolutionProperties) = preSolution
		HideSolutionNode = FALSE
	EndGlobalSection
EndGlobal
